
Microsoft Visual Studio Solution File, Format Version 12.00
# Visual Studio Version 17
VisualStudioVersion = 17.14.36221.1 d17.14
MinimumVisualStudioVersion = 10.0.40219.1
Project("{FAE04EC0-301F-11D3-BF4B-00C04F79EFBC}") = "1st Program", "1st Program\1st Program.csproj", "{546DD110-ACEC-4A61-8AFD-0869B471DEC2}"
EndProject
Global
	GlobalSection(SolutionConfigurationPlatforms) = preSolution
		Debug|Any CPU = Debug|Any CPU
		Release|Any CPU = Release|Any CPU
	EndGlobalSection
	GlobalSection(ProjectConfigurationPlatforms) = postSolution
		{546DD110-ACEC-4A61-8AFD-0869B471DEC2}.Debug|Any CPU.ActiveCfg = Debug|Any CPU
		{546DD110-ACEC-4A61-8AFD-0869B471DEC2}.Debug|Any CPU.Build.0 = Debug|Any CPU
		{546DD110-ACEC-4A61-8AFD-0869B471DEC2}.Release|Any CPU.ActiveCfg = Release|Any CPU
		{546DD110-ACEC-4A61-8AFD-0869B471DEC2}.Release|Any CPU.Build.0 = Release|Any CPU
	EndGlobalSection
	GlobalSection(SolutionProperties) = preSolution
		HideSolutionNode = FALSE
	EndGlobalSection
	GlobalSection(ExtensibilityGlobals) = postSolution
		SolutionGuid = {B6486A8B-9238-41A2-92B9-0E67161FD799}
	EndGlobalSection
EndGlobal
