
Microsoft Visual Studio Solution File, Format Version 12.00
# Visual Studio Version 17
VisualStudioVersion = 17.14.36221.1 d17.14
MinimumVisualStudioVersion = 10.0.40219.1
Project("{FAE04EC0-301F-11D3-BF4B-00C04F79EFBC}") = "random numbers", "random numbers\random numbers.csproj", "{B4AD81AD-53EC-4812-B2DF-31831F5E14AA}"
EndProject
Global
	GlobalSection(SolutionConfigurationPlatforms) = preSolution
		Debug|Any CPU = Debug|Any CPU
		Release|Any CPU = Release|Any CPU
	EndGlobalSection
	GlobalSection(ProjectConfigurationPlatforms) = postSolution
		{B4AD81AD-53EC-4812-B2DF-31831F5E14AA}.Debug|Any CPU.ActiveCfg = Debug|Any CPU
		{B4AD81AD-53EC-4812-B2DF-31831F5E14AA}.Debug|Any CPU.Build.0 = Debug|Any CPU
		{B4AD81AD-53EC-4812-B2DF-31831F5E14AA}.Release|Any CPU.ActiveCfg = Release|Any CPU
		{B4AD81AD-53EC-4812-B2DF-31831F5E14AA}.Release|Any CPU.Build.0 = Release|Any CPU
	EndGlobalSection
	GlobalSection(SolutionProperties) = preSolution
		HideSolutionNode = FALSE
	EndGlobalSection
	GlobalSection(ExtensibilityGlobals) = postSolution
		SolutionGuid = {4E0CE8C4-5242-4C82-B755-3FA93A69C97D}
	EndGlobalSection
EndGlobal
